// !$*UTF8*$!
{
	archiveVersion = 1;
	classes = {
	};
	objectVersion = 50;
	objects = {

/* Begin PBXBuildFile section */
		D847167F58558B48BF4A6FBB /* Pods_FoodTracker.framework in Frameworks */ = {isa = PBXBuildFile; fileRef = 9511FF8D953FA4CEAB74900B /* Pods_FoodTracker.framework */; };
		E017A5EF20B6258300AB5700 /* UITableView.swift in Sources */ = {isa = PBXBuildFile; fileRef = E017A5EE20B6258300AB5700 /* UITableView.swift */; };
		E017A5F120B6290B00AB5700 /* FoodItemSearchViewController.swift in Sources */ = {isa = PBXBuildFile; fileRef = E017A5F020B6290B00AB5700 /* FoodItemSearchViewController.swift */; };
		E017B0EC20B3B918007749BC /* DietFoodItemTableViewCell.swift in Sources */ = {isa = PBXBuildFile; fileRef = E017B0EB20B3B918007749BC /* DietFoodItemTableViewCell.swift */; };
		E01D588E20A9F88A002A6D6C /* Persistor.swift in Sources */ = {isa = PBXBuildFile; fileRef = E01D588D20A9F88A002A6D6C /* Persistor.swift */; };
		E022025420AA2D8C002C0A60 /* Path.swift in Sources */ = {isa = PBXBuildFile; fileRef = E022025320AA2D8C002C0A60 /* Path.swift */; };
		E041780E209758BE00C2B17B /* AppDelegate.swift in Sources */ = {isa = PBXBuildFile; fileRef = E041780D209758BE00C2B17B /* AppDelegate.swift */; };
		E0417810209758BE00C2B17B /* FoodCompoundSearchViewController.swift in Sources */ = {isa = PBXBuildFile; fileRef = E041780F209758BE00C2B17B /* FoodCompoundSearchViewController.swift */; };
		E0417813209758BE00C2B17B /* Main.storyboard in Resources */ = {isa = PBXBuildFile; fileRef = E0417811209758BE00C2B17B /* Main.storyboard */; };
		E0417815209758BF00C2B17B /* Assets.xcassets in Resources */ = {isa = PBXBuildFile; fileRef = E0417814209758BF00C2B17B /* Assets.xcassets */; };
		E0417818209758BF00C2B17B /* LaunchScreen.storyboard in Resources */ = {isa = PBXBuildFile; fileRef = E0417816209758BF00C2B17B /* LaunchScreen.storyboard */; };
		E0417823209758BF00C2B17B /* FoodTrackerTests.swift in Sources */ = {isa = PBXBuildFile; fileRef = E0417822209758BF00C2B17B /* FoodTrackerTests.swift */; };
		E04178372097648D00C2B17B /* AppState.swift in Sources */ = {isa = PBXBuildFile; fileRef = E04178362097648D00C2B17B /* AppState.swift */; };
		E0417839209764D700C2B17B /* AppReducer.swift in Sources */ = {isa = PBXBuildFile; fileRef = E0417838209764D700C2B17B /* AppReducer.swift */; };
		E041783C2097694600C2B17B /* AppRouter.swift in Sources */ = {isa = PBXBuildFile; fileRef = E041783B2097694600C2B17B /* AppRouter.swift */; };
		E041783E209769CD00C2B17B /* RoutingState.swift in Sources */ = {isa = PBXBuildFile; fileRef = E041783D209769CD00C2B17B /* RoutingState.swift */; };
		E041784120976AC400C2B17B /* RoutingReducer.swift in Sources */ = {isa = PBXBuildFile; fileRef = E041784020976AC400C2B17B /* RoutingReducer.swift */; };
		E04178442097810300C2B17B /* TableDataSource.swift in Sources */ = {isa = PBXBuildFile; fileRef = E04178432097810300C2B17B /* TableDataSource.swift */; };
		E04178462097812400C2B17B /* CollectionDataSource.swift in Sources */ = {isa = PBXBuildFile; fileRef = E04178452097812400C2B17B /* CollectionDataSource.swift */; };
		E04178482097F55500C2B17B /* SearchCriteriaState.swift in Sources */ = {isa = PBXBuildFile; fileRef = E04178472097F55500C2B17B /* SearchCriteriaState.swift */; };
		E041784A2097F6F200C2B17B /* SearchCriteriaReducer.swift in Sources */ = {isa = PBXBuildFile; fileRef = E04178492097F6F200C2B17B /* SearchCriteriaReducer.swift */; };
		E06812D520AA3002006E982A /* UITableView+RealmChanges.swift in Sources */ = {isa = PBXBuildFile; fileRef = E06812D420AA3002006E982A /* UITableView+RealmChanges.swift */; };
		E06812D720AA3040006E982A /* UserInputAlert.swift in Sources */ = {isa = PBXBuildFile; fileRef = E06812D620AA3040006E982A /* UserInputAlert.swift */; };
		E07D506C209A0DDE00FB9624 /* UpdateSearchCriteriaAction.swift in Sources */ = {isa = PBXBuildFile; fileRef = E07D506B209A0DDE00FB9624 /* UpdateSearchCriteriaAction.swift */; };
		E07D506E209A138300FB9624 /* FoodItem.swift in Sources */ = {isa = PBXBuildFile; fileRef = E07D506D209A138300FB9624 /* FoodItem.swift */; };
		E07D5070209A13CE00FB9624 /* FoodCategory.swift in Sources */ = {isa = PBXBuildFile; fileRef = E07D506F209A13CE00FB9624 /* FoodCategory.swift */; };
		E07D5072209A266600FB9624 /* FoodsState.swift in Sources */ = {isa = PBXBuildFile; fileRef = E07D5071209A266600FB9624 /* FoodsState.swift */; };
		E07D5074209A283000FB9624 /* FoodsReducer.swift in Sources */ = {isa = PBXBuildFile; fileRef = E07D5073209A283000FB9624 /* FoodsReducer.swift */; };
		E07D5076209D121900FB9624 /* GFCFStatus.swift in Sources */ = {isa = PBXBuildFile; fileRef = E07D5075209D121900FB9624 /* GFCFStatus.swift */; };
		E07D5078209F7ABF00FB9624 /* OxalateContent.swift in Sources */ = {isa = PBXBuildFile; fileRef = E07D5077209F7ABF00FB9624 /* OxalateContent.swift */; };
		E07D507A209F817300FB9624 /* SCDStatus.swift in Sources */ = {isa = PBXBuildFile; fileRef = E07D5079209F817300FB9624 /* SCDStatus.swift */; };
		E07D507C209F84AC00FB9624 /* SalicylateContent.swift in Sources */ = {isa = PBXBuildFile; fileRef = E07D507B209F84AC00FB9624 /* SalicylateContent.swift */; };
		E0C0074620AC6F7500BC330E /* FoodItemTableViewCell.swift in Sources */ = {isa = PBXBuildFile; fileRef = E0C0074520AC6F7500BC330E /* FoodItemTableViewCell.swift */; };
		E0C0074820ADE7BA00BC330E /* FoodItemDetailViewController.swift in Sources */ = {isa = PBXBuildFile; fileRef = E0C0074720ADE7BA00BC330E /* FoodItemDetailViewController.swift */; };
		E0C0074C20ADEAB500BC330E /* SelectFoodItemAction.swift in Sources */ = {isa = PBXBuildFile; fileRef = E0C0074B20ADEAB500BC330E /* SelectFoodItemAction.swift */; };
		E0C0075020ADF91E00BC330E /* RoutingAction.swift in Sources */ = {isa = PBXBuildFile; fileRef = E0C0074F20ADF91E00BC330E /* RoutingAction.swift */; };
		E0C0075220B0A73600BC330E /* ApplySearchCriteriaAction.swift in Sources */ = {isa = PBXBuildFile; fileRef = E0C0075120B0A73600BC330E /* ApplySearchCriteriaAction.swift */; };
		E0C0075420B1A0C100BC330E /* DietSearchViewController.swift in Sources */ = {isa = PBXBuildFile; fileRef = E0C0075320B1A0C100BC330E /* DietSearchViewController.swift */; };
		E0C0075620B1DDFF00BC330E /* MainTabBarViewController.swift in Sources */ = {isa = PBXBuildFile; fileRef = E0C0075520B1DDFF00BC330E /* MainTabBarViewController.swift */; };
		E0C0075820B346A100BC330E /* PaleoStatus.swift in Sources */ = {isa = PBXBuildFile; fileRef = E0C0075720B346A100BC330E /* PaleoStatus.swift */; };
		E0C0075A20B3479600BC330E /* FodmapStatus.swift in Sources */ = {isa = PBXBuildFile; fileRef = E0C0075920B3479600BC330E /* FodmapStatus.swift */; };
		E0C0075C20B3493300BC330E /* AmineContent.swift in Sources */ = {isa = PBXBuildFile; fileRef = E0C0075B20B3493300BC330E /* AmineContent.swift */; };
/* End PBXBuildFile section */

/* Begin PBXContainerItemProxy section */
		E041781F209758BF00C2B17B /* PBXContainerItemProxy */ = {
			isa = PBXContainerItemProxy;
			containerPortal = E0417802209758BE00C2B17B /* Project object */;
			proxyType = 1;
			remoteGlobalIDString = E0417809209758BE00C2B17B;
			remoteInfo = FoodTracker;
		};
/* End PBXContainerItemProxy section */

/* Begin PBXFileReference section */
		1278E5DDDF666149D7D84B06 /* Pods-FoodTracker.release.xcconfig */ = {isa = PBXFileReference; includeInIndex = 1; lastKnownFileType = text.xcconfig; name = "Pods-FoodTracker.release.xcconfig"; path = "Pods/Target Support Files/Pods-FoodTracker/Pods-FoodTracker.release.xcconfig"; sourceTree = "<group>"; };
		9511FF8D953FA4CEAB74900B /* Pods_FoodTracker.framework */ = {isa = PBXFileReference; explicitFileType = wrapper.framework; includeInIndex = 0; path = Pods_FoodTracker.framework; sourceTree = BUILT_PRODUCTS_DIR; };
		E017A5EE20B6258300AB5700 /* UITableView.swift */ = {isa = PBXFileReference; lastKnownFileType = sourcecode.swift; path = UITableView.swift; sourceTree = "<group>"; };
		E017A5F020B6290B00AB5700 /* FoodItemSearchViewController.swift */ = {isa = PBXFileReference; lastKnownFileType = sourcecode.swift; path = FoodItemSearchViewController.swift; sourceTree = "<group>"; };
		E017B0EB20B3B918007749BC /* DietFoodItemTableViewCell.swift */ = {isa = PBXFileReference; lastKnownFileType = sourcecode.swift; path = DietFoodItemTableViewCell.swift; sourceTree = "<group>"; };
		E01D588D20A9F88A002A6D6C /* Persistor.swift */ = {isa = PBXFileReference; lastKnownFileType = sourcecode.swift; path = Persistor.swift; sourceTree = "<group>"; };
		E022025320AA2D8C002C0A60 /* Path.swift */ = {isa = PBXFileReference; lastKnownFileType = sourcecode.swift; path = Path.swift; sourceTree = "<group>"; };
		E041780A209758BE00C2B17B /* FoodTracker.app */ = {isa = PBXFileReference; explicitFileType = wrapper.application; includeInIndex = 0; path = FoodTracker.app; sourceTree = BUILT_PRODUCTS_DIR; };
		E041780D209758BE00C2B17B /* AppDelegate.swift */ = {isa = PBXFileReference; lastKnownFileType = sourcecode.swift; path = AppDelegate.swift; sourceTree = "<group>"; };
		E041780F209758BE00C2B17B /* FoodCompoundSearchViewController.swift */ = {isa = PBXFileReference; lastKnownFileType = sourcecode.swift; path = FoodCompoundSearchViewController.swift; sourceTree = "<group>"; };
		E0417812209758BE00C2B17B /* Base */ = {isa = PBXFileReference; lastKnownFileType = file.storyboard; name = Base; path = Base.lproj/Main.storyboard; sourceTree = "<group>"; };
		E0417814209758BF00C2B17B /* Assets.xcassets */ = {isa = PBXFileReference; lastKnownFileType = folder.assetcatalog; path = Assets.xcassets; sourceTree = "<group>"; };
		E0417817209758BF00C2B17B /* Base */ = {isa = PBXFileReference; lastKnownFileType = file.storyboard; name = Base; path = Base.lproj/LaunchScreen.storyboard; sourceTree = "<group>"; };
		E0417819209758BF00C2B17B /* Info.plist */ = {isa = PBXFileReference; lastKnownFileType = text.plist.xml; path = Info.plist; sourceTree = "<group>"; };
		E041781E209758BF00C2B17B /* FoodTrackerTests.xctest */ = {isa = PBXFileReference; explicitFileType = wrapper.cfbundle; includeInIndex = 0; path = FoodTrackerTests.xctest; sourceTree = BUILT_PRODUCTS_DIR; };
		E0417822209758BF00C2B17B /* FoodTrackerTests.swift */ = {isa = PBXFileReference; lastKnownFileType = sourcecode.swift; path = FoodTrackerTests.swift; sourceTree = "<group>"; };
		E0417824209758BF00C2B17B /* Info.plist */ = {isa = PBXFileReference; lastKnownFileType = text.plist.xml; path = Info.plist; sourceTree = "<group>"; };
		E04178362097648D00C2B17B /* AppState.swift */ = {isa = PBXFileReference; lastKnownFileType = sourcecode.swift; path = AppState.swift; sourceTree = "<group>"; };
		E0417838209764D700C2B17B /* AppReducer.swift */ = {isa = PBXFileReference; lastKnownFileType = sourcecode.swift; path = AppReducer.swift; sourceTree = "<group>"; };
		E041783B2097694600C2B17B /* AppRouter.swift */ = {isa = PBXFileReference; lastKnownFileType = sourcecode.swift; path = AppRouter.swift; sourceTree = "<group>"; };
		E041783D209769CD00C2B17B /* RoutingState.swift */ = {isa = PBXFileReference; lastKnownFileType = sourcecode.swift; path = RoutingState.swift; sourceTree = "<group>"; };
		E041784020976AC400C2B17B /* RoutingReducer.swift */ = {isa = PBXFileReference; lastKnownFileType = sourcecode.swift; path = RoutingReducer.swift; sourceTree = "<group>"; };
		E04178432097810300C2B17B /* TableDataSource.swift */ = {isa = PBXFileReference; lastKnownFileType = sourcecode.swift; path = TableDataSource.swift; sourceTree = "<group>"; };
		E04178452097812400C2B17B /* CollectionDataSource.swift */ = {isa = PBXFileReference; lastKnownFileType = sourcecode.swift; path = CollectionDataSource.swift; sourceTree = "<group>"; };
		E04178472097F55500C2B17B /* SearchCriteriaState.swift */ = {isa = PBXFileReference; lastKnownFileType = sourcecode.swift; path = SearchCriteriaState.swift; sourceTree = "<group>"; };
		E04178492097F6F200C2B17B /* SearchCriteriaReducer.swift */ = {isa = PBXFileReference; lastKnownFileType = sourcecode.swift; path = SearchCriteriaReducer.swift; sourceTree = "<group>"; };
		E06812D420AA3002006E982A /* UITableView+RealmChanges.swift */ = {isa = PBXFileReference; lastKnownFileType = sourcecode.swift; path = "UITableView+RealmChanges.swift"; sourceTree = "<group>"; };
		E06812D620AA3040006E982A /* UserInputAlert.swift */ = {isa = PBXFileReference; lastKnownFileType = sourcecode.swift; path = UserInputAlert.swift; sourceTree = "<group>"; };
		E07D506B209A0DDE00FB9624 /* UpdateSearchCriteriaAction.swift */ = {isa = PBXFileReference; lastKnownFileType = sourcecode.swift; path = UpdateSearchCriteriaAction.swift; sourceTree = "<group>"; };
		E07D506D209A138300FB9624 /* FoodItem.swift */ = {isa = PBXFileReference; lastKnownFileType = sourcecode.swift; path = FoodItem.swift; sourceTree = "<group>"; };
		E07D506F209A13CE00FB9624 /* FoodCategory.swift */ = {isa = PBXFileReference; lastKnownFileType = sourcecode.swift; path = FoodCategory.swift; sourceTree = "<group>"; };
		E07D5071209A266600FB9624 /* FoodsState.swift */ = {isa = PBXFileReference; lastKnownFileType = sourcecode.swift; path = FoodsState.swift; sourceTree = "<group>"; };
		E07D5073209A283000FB9624 /* FoodsReducer.swift */ = {isa = PBXFileReference; lastKnownFileType = sourcecode.swift; path = FoodsReducer.swift; sourceTree = "<group>"; };
		E07D5075209D121900FB9624 /* GFCFStatus.swift */ = {isa = PBXFileReference; lastKnownFileType = sourcecode.swift; path = GFCFStatus.swift; sourceTree = "<group>"; };
		E07D5077209F7ABF00FB9624 /* OxalateContent.swift */ = {isa = PBXFileReference; lastKnownFileType = sourcecode.swift; path = OxalateContent.swift; sourceTree = "<group>"; };
		E07D5079209F817300FB9624 /* SCDStatus.swift */ = {isa = PBXFileReference; lastKnownFileType = sourcecode.swift; path = SCDStatus.swift; sourceTree = "<group>"; };
		E07D507B209F84AC00FB9624 /* SalicylateContent.swift */ = {isa = PBXFileReference; lastKnownFileType = sourcecode.swift; path = SalicylateContent.swift; sourceTree = "<group>"; };
		E0C0074520AC6F7500BC330E /* FoodItemTableViewCell.swift */ = {isa = PBXFileReference; lastKnownFileType = sourcecode.swift; path = FoodItemTableViewCell.swift; sourceTree = "<group>"; };
		E0C0074720ADE7BA00BC330E /* FoodItemDetailViewController.swift */ = {isa = PBXFileReference; lastKnownFileType = sourcecode.swift; path = FoodItemDetailViewController.swift; sourceTree = "<group>"; };
		E0C0074B20ADEAB500BC330E /* SelectFoodItemAction.swift */ = {isa = PBXFileReference; lastKnownFileType = sourcecode.swift; path = SelectFoodItemAction.swift; sourceTree = "<group>"; };
		E0C0074F20ADF91E00BC330E /* RoutingAction.swift */ = {isa = PBXFileReference; lastKnownFileType = sourcecode.swift; path = RoutingAction.swift; sourceTree = "<group>"; };
		E0C0075120B0A73600BC330E /* ApplySearchCriteriaAction.swift */ = {isa = PBXFileReference; lastKnownFileType = sourcecode.swift; path = ApplySearchCriteriaAction.swift; sourceTree = "<group>"; };
		E0C0075320B1A0C100BC330E /* DietSearchViewController.swift */ = {isa = PBXFileReference; lastKnownFileType = sourcecode.swift; path = DietSearchViewController.swift; sourceTree = "<group>"; };
		E0C0075520B1DDFF00BC330E /* MainTabBarViewController.swift */ = {isa = PBXFileReference; lastKnownFileType = sourcecode.swift; path = MainTabBarViewController.swift; sourceTree = "<group>"; };
		E0C0075720B346A100BC330E /* PaleoStatus.swift */ = {isa = PBXFileReference; lastKnownFileType = sourcecode.swift; path = PaleoStatus.swift; sourceTree = "<group>"; };
		E0C0075920B3479600BC330E /* FodmapStatus.swift */ = {isa = PBXFileReference; lastKnownFileType = sourcecode.swift; path = FodmapStatus.swift; sourceTree = "<group>"; };
		E0C0075B20B3493300BC330E /* AmineContent.swift */ = {isa = PBXFileReference; lastKnownFileType = sourcecode.swift; path = AmineContent.swift; sourceTree = "<group>"; };
		EF02ABB91BE7C410D6CC6CFA /* Pods-FoodTracker.debug.xcconfig */ = {isa = PBXFileReference; includeInIndex = 1; lastKnownFileType = text.xcconfig; name = "Pods-FoodTracker.debug.xcconfig"; path = "Pods/Target Support Files/Pods-FoodTracker/Pods-FoodTracker.debug.xcconfig"; sourceTree = "<group>"; };
/* End PBXFileReference section */

/* Begin PBXFrameworksBuildPhase section */
		E0417807209758BE00C2B17B /* Frameworks */ = {
			isa = PBXFrameworksBuildPhase;
			buildActionMask = 2147483647;
			files = (
				D847167F58558B48BF4A6FBB /* Pods_FoodTracker.framework in Frameworks */,
			);
			runOnlyForDeploymentPostprocessing = 0;
		};
		E041781B209758BF00C2B17B /* Frameworks */ = {
			isa = PBXFrameworksBuildPhase;
			buildActionMask = 2147483647;
			files = (
			);
			runOnlyForDeploymentPostprocessing = 0;
		};
/* End PBXFrameworksBuildPhase section */

/* Begin PBXGroup section */
		2950D340EC9B4CF49047E009 /* Pods */ = {
			isa = PBXGroup;
			children = (
				EF02ABB91BE7C410D6CC6CFA /* Pods-FoodTracker.debug.xcconfig */,
				1278E5DDDF666149D7D84B06 /* Pods-FoodTracker.release.xcconfig */,
			);
			name = Pods;
			sourceTree = "<group>";
		};
		5AA0BAED2465B688316A7735 /* Frameworks */ = {
			isa = PBXGroup;
			children = (
				9511FF8D953FA4CEAB74900B /* Pods_FoodTracker.framework */,
			);
			name = Frameworks;
			sourceTree = "<group>";
		};
		E01D588C20A9F866002A6D6C /* Persistence */ = {
			isa = PBXGroup;
			children = (
				E01D588D20A9F88A002A6D6C /* Persistor.swift */,
			);
			path = Persistence;
			sourceTree = "<group>";
		};
		E022025220AA2D70002C0A60 /* Classes */ = {
			isa = PBXGroup;
			children = (
				E022025320AA2D8C002C0A60 /* Path.swift */,
				E017A5EE20B6258300AB5700 /* UITableView.swift */,
				E06812D420AA3002006E982A /* UITableView+RealmChanges.swift */,
				E06812D620AA3040006E982A /* UserInputAlert.swift */,
			);
			path = Classes;
			sourceTree = "<group>";
		};
		E0417801209758BE00C2B17B = {
			isa = PBXGroup;
			children = (
				E041780C209758BE00C2B17B /* FoodTracker */,
				E0417821209758BF00C2B17B /* FoodTrackerTests */,
				5AA0BAED2465B688316A7735 /* Frameworks */,
				2950D340EC9B4CF49047E009 /* Pods */,
				E041780B209758BE00C2B17B /* Products */,
			);
			sourceTree = "<group>";
		};
		E041780B209758BE00C2B17B /* Products */ = {
			isa = PBXGroup;
			children = (
				E041780A209758BE00C2B17B /* FoodTracker.app */,
				E041781E209758BF00C2B17B /* FoodTrackerTests.xctest */,
			);
			name = Products;
			sourceTree = "<group>";
		};
		E041780C209758BE00C2B17B /* FoodTracker */ = {
			isa = PBXGroup;
			children = (
				E04178302097591600C2B17B /* Actions */,
				E0417834209759C500C2B17B /* AppDelegate */,
				E0C0074420AC6EB900BC330E /* Cells */,
				E022025220AA2D70002C0A60 /* Classes */,
				E041782D209758FC00C2B17B /* Controllers */,
				E0417842209780C300C2B17B /* DataSources */,
				E041782F2097591000C2B17B /* Models */,
				E01D588C20A9F866002A6D6C /* Persistence */,
				E04178312097592000C2B17B /* Reducers */,
				E04178332097593C00C2B17B /* Resources */,
				E041783A2097692D00C2B17B /* Routers */,
				E04178352097647600C2B17B /* States */,
				E04178322097592F00C2B17B /* Storyboards */,
				E041782E2097590700C2B17B /* Views */,
			);
			path = FoodTracker;
			sourceTree = "<group>";
		};
		E0417821209758BF00C2B17B /* FoodTrackerTests */ = {
			isa = PBXGroup;
			children = (
				E0417822209758BF00C2B17B /* FoodTrackerTests.swift */,
				E0417824209758BF00C2B17B /* Info.plist */,
			);
			path = FoodTrackerTests;
			sourceTree = "<group>";
		};
		E041782D209758FC00C2B17B /* Controllers */ = {
			isa = PBXGroup;
			children = (
				E0C0075320B1A0C100BC330E /* DietSearchViewController.swift */,
				E0C0074720ADE7BA00BC330E /* FoodItemDetailViewController.swift */,
				E017A5F020B6290B00AB5700 /* FoodItemSearchViewController.swift */,
				E041780F209758BE00C2B17B /* FoodCompoundSearchViewController.swift */,
				E0C0075520B1DDFF00BC330E /* MainTabBarViewController.swift */,
			);
			path = Controllers;
			sourceTree = "<group>";
		};
		E041782E2097590700C2B17B /* Views */ = {
			isa = PBXGroup;
			children = (
			);
			path = Views;
			sourceTree = "<group>";
		};
		E041782F2097591000C2B17B /* Models */ = {
			isa = PBXGroup;
			children = (
				E0C0075B20B3493300BC330E /* AmineContent.swift */,
				E0C0075920B3479600BC330E /* FodmapStatus.swift */,
				E07D506F209A13CE00FB9624 /* FoodCategory.swift */,
				E07D506D209A138300FB9624 /* FoodItem.swift */,
				E07D5075209D121900FB9624 /* GFCFStatus.swift */,
				E07D5077209F7ABF00FB9624 /* OxalateContent.swift */,
				E0C0075720B346A100BC330E /* PaleoStatus.swift */,
				E07D507B209F84AC00FB9624 /* SalicylateContent.swift */,
				E07D5079209F817300FB9624 /* SCDStatus.swift */,
			);
			path = Models;
			sourceTree = "<group>";
		};
		E04178302097591600C2B17B /* Actions */ = {
			isa = PBXGroup;
			children = (
				E0C0075120B0A73600BC330E /* ApplySearchCriteriaAction.swift */,
				E0C0074F20ADF91E00BC330E /* RoutingAction.swift */,
				E0C0074B20ADEAB500BC330E /* SelectFoodItemAction.swift */,
				E07D506B209A0DDE00FB9624 /* UpdateSearchCriteriaAction.swift */,
			);
			path = Actions;
			sourceTree = "<group>";
		};
		E04178312097592000C2B17B /* Reducers */ = {
			isa = PBXGroup;
			children = (
				E0417838209764D700C2B17B /* AppReducer.swift */,
				E07D5073209A283000FB9624 /* FoodsReducer.swift */,
				E041784020976AC400C2B17B /* RoutingReducer.swift */,
				E04178492097F6F200C2B17B /* SearchCriteriaReducer.swift */,
			);
			path = Reducers;
			sourceTree = "<group>";
		};
		E04178322097592F00C2B17B /* Storyboards */ = {
			isa = PBXGroup;
			children = (
				E0417816209758BF00C2B17B /* LaunchScreen.storyboard */,
				E0417811209758BE00C2B17B /* Main.storyboard */,
			);
			path = Storyboards;
			sourceTree = "<group>";
		};
		E04178332097593C00C2B17B /* Resources */ = {
			isa = PBXGroup;
			children = (
				E0417814209758BF00C2B17B /* Assets.xcassets */,
				E0417819209758BF00C2B17B /* Info.plist */,
			);
			path = Resources;
			sourceTree = "<group>";
		};
		E0417834209759C500C2B17B /* AppDelegate */ = {
			isa = PBXGroup;
			children = (
				E041780D209758BE00C2B17B /* AppDelegate.swift */,
			);
			path = AppDelegate;
			sourceTree = "<group>";
		};
		E04178352097647600C2B17B /* States */ = {
			isa = PBXGroup;
			children = (
				E04178362097648D00C2B17B /* AppState.swift */,
				E07D5071209A266600FB9624 /* FoodsState.swift */,
				E041783D209769CD00C2B17B /* RoutingState.swift */,
				E04178472097F55500C2B17B /* SearchCriteriaState.swift */,
			);
			path = States;
			sourceTree = "<group>";
		};
		E041783A2097692D00C2B17B /* Routers */ = {
			isa = PBXGroup;
			children = (
				E041783B2097694600C2B17B /* AppRouter.swift */,
			);
			path = Routers;
			sourceTree = "<group>";
		};
		E0417842209780C300C2B17B /* DataSources */ = {
			isa = PBXGroup;
			children = (
				E04178452097812400C2B17B /* CollectionDataSource.swift */,
				E04178432097810300C2B17B /* TableDataSource.swift */,
			);
			path = DataSources;
			sourceTree = "<group>";
		};
		E0C0074420AC6EB900BC330E /* Cells */ = {
			isa = PBXGroup;
			children = (
				E017B0EB20B3B918007749BC /* DietFoodItemTableViewCell.swift */,
				E0C0074520AC6F7500BC330E /* FoodItemTableViewCell.swift */,
			);
			path = Cells;
			sourceTree = "<group>";
		};
/* End PBXGroup section */

/* Begin PBXNativeTarget section */
		E0417809209758BE00C2B17B /* FoodTracker */ = {
			isa = PBXNativeTarget;
			buildConfigurationList = E0417827209758BF00C2B17B /* Build configuration list for PBXNativeTarget "FoodTracker" */;
			buildPhases = (
				D36FC582B291B849541C5EBD /* [CP] Check Pods Manifest.lock */,
				E0417806209758BE00C2B17B /* Sources */,
				E0417807209758BE00C2B17B /* Frameworks */,
				E0417808209758BE00C2B17B /* Resources */,
				B4674CEBEC73E2E8E5B61FF4 /* [CP] Embed Pods Frameworks */,
			);
			buildRules = (
			);
			dependencies = (
			);
			name = FoodTracker;
			productName = FoodTracker;
			productReference = E041780A209758BE00C2B17B /* FoodTracker.app */;
			productType = "com.apple.product-type.application";
		};
		E041781D209758BF00C2B17B /* FoodTrackerTests */ = {
			isa = PBXNativeTarget;
			buildConfigurationList = E041782A209758BF00C2B17B /* Build configuration list for PBXNativeTarget "FoodTrackerTests" */;
			buildPhases = (
				E041781A209758BF00C2B17B /* Sources */,
				E041781B209758BF00C2B17B /* Frameworks */,
				E041781C209758BF00C2B17B /* Resources */,
			);
			buildRules = (
			);
			dependencies = (
				E0417820209758BF00C2B17B /* PBXTargetDependency */,
			);
			name = FoodTrackerTests;
			productName = FoodTrackerTests;
			productReference = E041781E209758BF00C2B17B /* FoodTrackerTests.xctest */;
			productType = "com.apple.product-type.bundle.unit-test";
		};
/* End PBXNativeTarget section */

/* Begin PBXProject section */
		E0417802209758BE00C2B17B /* Project object */ = {
			isa = PBXProject;
			attributes = {
				LastSwiftUpdateCheck = 0930;
				LastUpgradeCheck = 0930;
				ORGANIZATIONNAME = "Michael Vork";
				TargetAttributes = {
					E0417809209758BE00C2B17B = {
						CreatedOnToolsVersion = 9.3;
					};
					E041781D209758BF00C2B17B = {
						CreatedOnToolsVersion = 9.3;
						TestTargetID = E0417809209758BE00C2B17B;
					};
				};
			};
			buildConfigurationList = E0417805209758BE00C2B17B /* Build configuration list for PBXProject "FoodTracker" */;
			compatibilityVersion = "Xcode 9.3";
			developmentRegion = en;
			hasScannedForEncodings = 0;
			knownRegions = (
				en,
				Base,
			);
			mainGroup = E0417801209758BE00C2B17B;
			productRefGroup = E041780B209758BE00C2B17B /* Products */;
			projectDirPath = "";
			projectRoot = "";
			targets = (
				E0417809209758BE00C2B17B /* FoodTracker */,
				E041781D209758BF00C2B17B /* FoodTrackerTests */,
			);
		};
/* End PBXProject section */

/* Begin PBXResourcesBuildPhase section */
		E0417808209758BE00C2B17B /* Resources */ = {
			isa = PBXResourcesBuildPhase;
			buildActionMask = 2147483647;
			files = (
				E0417818209758BF00C2B17B /* LaunchScreen.storyboard in Resources */,
				E0417815209758BF00C2B17B /* Assets.xcassets in Resources */,
				E0417813209758BE00C2B17B /* Main.storyboard in Resources */,
			);
			runOnlyForDeploymentPostprocessing = 0;
		};
		E041781C209758BF00C2B17B /* Resources */ = {
			isa = PBXResourcesBuildPhase;
			buildActionMask = 2147483647;
			files = (
			);
			runOnlyForDeploymentPostprocessing = 0;
		};
/* End PBXResourcesBuildPhase section */

/* Begin PBXShellScriptBuildPhase section */
		B4674CEBEC73E2E8E5B61FF4 /* [CP] Embed Pods Frameworks */ = {
			isa = PBXShellScriptBuildPhase;
			buildActionMask = 2147483647;
			files = (
			);
			inputPaths = (
				"${SRCROOT}/Pods/Target Support Files/Pods-FoodTracker/Pods-FoodTracker-frameworks.sh",
				"${BUILT_PRODUCTS_DIR}/ReSwift/ReSwift.framework",
				"${BUILT_PRODUCTS_DIR}/Realm/Realm.framework",
				"${BUILT_PRODUCTS_DIR}/RealmSwift/RealmSwift.framework",
			);
			name = "[CP] Embed Pods Frameworks";
			outputPaths = (
				"${TARGET_BUILD_DIR}/${FRAMEWORKS_FOLDER_PATH}/ReSwift.framework",
				"${TARGET_BUILD_DIR}/${FRAMEWORKS_FOLDER_PATH}/Realm.framework",
				"${TARGET_BUILD_DIR}/${FRAMEWORKS_FOLDER_PATH}/RealmSwift.framework",
			);
			runOnlyForDeploymentPostprocessing = 0;
			shellPath = /bin/sh;
			shellScript = "\"${SRCROOT}/Pods/Target Support Files/Pods-FoodTracker/Pods-FoodTracker-frameworks.sh\"\n";
			showEnvVarsInLog = 0;
		};
		D36FC582B291B849541C5EBD /* [CP] Check Pods Manifest.lock */ = {
			isa = PBXShellScriptBuildPhase;
			buildActionMask = 2147483647;
			files = (
			);
			inputPaths = (
				"${PODS_PODFILE_DIR_PATH}/Podfile.lock",
				"${PODS_ROOT}/Manifest.lock",
			);
			name = "[CP] Check Pods Manifest.lock";
			outputPaths = (
				"$(DERIVED_FILE_DIR)/Pods-FoodTracker-checkManifestLockResult.txt",
			);
			runOnlyForDeploymentPostprocessing = 0;
			shellPath = /bin/sh;
			shellScript = "diff \"${PODS_PODFILE_DIR_PATH}/Podfile.lock\" \"${PODS_ROOT}/Manifest.lock\" > /dev/null\nif [ $? != 0 ] ; then\n    # print error to STDERR\n    echo \"error: The sandbox is not in sync with the Podfile.lock. Run 'pod install' or update your CocoaPods installation.\" >&2\n    exit 1\nfi\n# This output is used by Xcode 'outputs' to avoid re-running this script phase.\necho \"SUCCESS\" > \"${SCRIPT_OUTPUT_FILE_0}\"\n";
			showEnvVarsInLog = 0;
		};
/* End PBXShellScriptBuildPhase section */

/* Begin PBXSourcesBuildPhase section */
		E0417806209758BE00C2B17B /* Sources */ = {
			isa = PBXSourcesBuildPhase;
			buildActionMask = 2147483647;
			files = (
				E0C0074820ADE7BA00BC330E /* FoodItemDetailViewController.swift in Sources */,
				E0C0075820B346A100BC330E /* PaleoStatus.swift in Sources */,
				E07D507C209F84AC00FB9624 /* SalicylateContent.swift in Sources */,
				E041783E209769CD00C2B17B /* RoutingState.swift in Sources */,
				E0C0075A20B3479600BC330E /* FodmapStatus.swift in Sources */,
				E017A5EF20B6258300AB5700 /* UITableView.swift in Sources */,
				E04178372097648D00C2B17B /* AppState.swift in Sources */,
				E0C0075C20B3493300BC330E /* AmineContent.swift in Sources */,
				E07D507A209F817300FB9624 /* SCDStatus.swift in Sources */,
				E07D5074209A283000FB9624 /* FoodsReducer.swift in Sources */,
				E04178462097812400C2B17B /* CollectionDataSource.swift in Sources */,
				E0417810209758BE00C2B17B /* FoodCompoundSearchViewController.swift in Sources */,
				E0C0074620AC6F7500BC330E /* FoodItemTableViewCell.swift in Sources */,
				E0C0074C20ADEAB500BC330E /* SelectFoodItemAction.swift in Sources */,
				E01D588E20A9F88A002A6D6C /* Persistor.swift in Sources */,
				E07D506C209A0DDE00FB9624 /* UpdateSearchCriteriaAction.swift in Sources */,
				E04178482097F55500C2B17B /* SearchCriteriaState.swift in Sources */,
				E04178442097810300C2B17B /* TableDataSource.swift in Sources */,
				E07D5078209F7ABF00FB9624 /* OxalateContent.swift in Sources */,
				E022025420AA2D8C002C0A60 /* Path.swift in Sources */,
				E0417839209764D700C2B17B /* AppReducer.swift in Sources */,
				E0C0075220B0A73600BC330E /* ApplySearchCriteriaAction.swift in Sources */,
				E06812D720AA3040006E982A /* UserInputAlert.swift in Sources */,
				E0C0075420B1A0C100BC330E /* DietSearchViewController.swift in Sources */,
				E0C0075020ADF91E00BC330E /* RoutingAction.swift in Sources */,
				E041784120976AC400C2B17B /* RoutingReducer.swift in Sources */,
				E07D506E209A138300FB9624 /* FoodItem.swift in Sources */,
				E041784A2097F6F200C2B17B /* SearchCriteriaReducer.swift in Sources */,
				E07D5070209A13CE00FB9624 /* FoodCategory.swift in Sources */,
				E041783C2097694600C2B17B /* AppRouter.swift in Sources */,
				E07D5072209A266600FB9624 /* FoodsState.swift in Sources */,
				E041780E209758BE00C2B17B /* AppDelegate.swift in Sources */,
				E017A5F120B6290B00AB5700 /* FoodItemSearchViewController.swift in Sources */,
				E07D5076209D121900FB9624 /* GFCFStatus.swift in Sources */,
				E06812D520AA3002006E982A /* UITableView+RealmChanges.swift in Sources */,
				E0C0075620B1DDFF00BC330E /* MainTabBarViewController.swift in Sources */,
				E017B0EC20B3B918007749BC /* DietFoodItemTableViewCell.swift in Sources */,
			);
			runOnlyForDeploymentPostprocessing = 0;
		};
		E041781A209758BF00C2B17B /* Sources */ = {
			isa = PBXSourcesBuildPhase;
			buildActionMask = 2147483647;
			files = (
				E0417823209758BF00C2B17B /* FoodTrackerTests.swift in Sources */,
			);
			runOnlyForDeploymentPostprocessing = 0;
		};
/* End PBXSourcesBuildPhase section */

/* Begin PBXTargetDependency section */
		E0417820209758BF00C2B17B /* PBXTargetDependency */ = {
			isa = PBXTargetDependency;
			target = E0417809209758BE00C2B17B /* FoodTracker */;
			targetProxy = E041781F209758BF00C2B17B /* PBXContainerItemProxy */;
		};
/* End PBXTargetDependency section */

/* Begin PBXVariantGroup section */
		E0417811209758BE00C2B17B /* Main.storyboard */ = {
			isa = PBXVariantGroup;
			children = (
				E0417812209758BE00C2B17B /* Base */,
			);
			name = Main.storyboard;
			sourceTree = "<group>";
		};
		E0417816209758BF00C2B17B /* LaunchScreen.storyboard */ = {
			isa = PBXVariantGroup;
			children = (
				E0417817209758BF00C2B17B /* Base */,
			);
			name = LaunchScreen.storyboard;
			sourceTree = "<group>";
		};
/* End PBXVariantGroup section */

/* Begin XCBuildConfiguration section */
		E0417825209758BF00C2B17B /* Debug */ = {
			isa = XCBuildConfiguration;
			buildSettings = {
				ALWAYS_SEARCH_USER_PATHS = NO;
				CLANG_ANALYZER_NONNULL = YES;
				CLANG_ANALYZER_NUMBER_OBJECT_CONVERSION = YES_AGGRESSIVE;
				CLANG_CXX_LANGUAGE_STANDARD = "gnu++14";
				CLANG_CXX_LIBRARY = "libc++";
				CLANG_ENABLE_MODULES = YES;
				CLANG_ENABLE_OBJC_ARC = YES;
				CLANG_ENABLE_OBJC_WEAK = YES;
				CLANG_WARN_BLOCK_CAPTURE_AUTORELEASING = YES;
				CLANG_WARN_BOOL_CONVERSION = YES;
				CLANG_WARN_COMMA = YES;
				CLANG_WARN_CONSTANT_CONVERSION = YES;
				CLANG_WARN_DEPRECATED_OBJC_IMPLEMENTATIONS = YES;
				CLANG_WARN_DIRECT_OBJC_ISA_USAGE = YES_ERROR;
				CLANG_WARN_DOCUMENTATION_COMMENTS = YES;
				CLANG_WARN_EMPTY_BODY = YES;
				CLANG_WARN_ENUM_CONVERSION = YES;
				CLANG_WARN_INFINITE_RECURSION = YES;
				CLANG_WARN_INT_CONVERSION = YES;
				CLANG_WARN_NON_LITERAL_NULL_CONVERSION = YES;
				CLANG_WARN_OBJC_IMPLICIT_RETAIN_SELF = YES;
				CLANG_WARN_OBJC_LITERAL_CONVERSION = YES;
				CLANG_WARN_OBJC_ROOT_CLASS = YES_ERROR;
				CLANG_WARN_RANGE_LOOP_ANALYSIS = YES;
				CLANG_WARN_STRICT_PROTOTYPES = YES;
				CLANG_WARN_SUSPICIOUS_MOVE = YES;
				CLANG_WARN_UNGUARDED_AVAILABILITY = YES_AGGRESSIVE;
				CLANG_WARN_UNREACHABLE_CODE = YES;
				CLANG_WARN__DUPLICATE_METHOD_MATCH = YES;
				CODE_SIGN_IDENTITY = "iPhone Developer";
				COPY_PHASE_STRIP = NO;
				DEBUG_INFORMATION_FORMAT = dwarf;
				ENABLE_STRICT_OBJC_MSGSEND = YES;
				ENABLE_TESTABILITY = YES;
				GCC_C_LANGUAGE_STANDARD = gnu11;
				GCC_DYNAMIC_NO_PIC = NO;
				GCC_NO_COMMON_BLOCKS = YES;
				GCC_OPTIMIZATION_LEVEL = 0;
				GCC_PREPROCESSOR_DEFINITIONS = (
					"DEBUG=1",
					"$(inherited)",
				);
				GCC_WARN_64_TO_32_BIT_CONVERSION = YES;
				GCC_WARN_ABOUT_RETURN_TYPE = YES_ERROR;
				GCC_WARN_UNDECLARED_SELECTOR = YES;
				GCC_WARN_UNINITIALIZED_AUTOS = YES_AGGRESSIVE;
				GCC_WARN_UNUSED_FUNCTION = YES;
				GCC_WARN_UNUSED_VARIABLE = YES;
				IPHONEOS_DEPLOYMENT_TARGET = 11.3;
				MTL_ENABLE_DEBUG_INFO = YES;
				ONLY_ACTIVE_ARCH = YES;
				SDKROOT = iphoneos;
				SWIFT_ACTIVE_COMPILATION_CONDITIONS = DEBUG;
				SWIFT_OPTIMIZATION_LEVEL = "-Onone";
			};
			name = Debug;
		};
		E0417826209758BF00C2B17B /* Release */ = {
			isa = XCBuildConfiguration;
			buildSettings = {
				ALWAYS_SEARCH_USER_PATHS = NO;
				CLANG_ANALYZER_NONNULL = YES;
				CLANG_ANALYZER_NUMBER_OBJECT_CONVERSION = YES_AGGRESSIVE;
				CLANG_CXX_LANGUAGE_STANDARD = "gnu++14";
				CLANG_CXX_LIBRARY = "libc++";
				CLANG_ENABLE_MODULES = YES;
				CLANG_ENABLE_OBJC_ARC = YES;
				CLANG_ENABLE_OBJC_WEAK = YES;
				CLANG_WARN_BLOCK_CAPTURE_AUTORELEASING = YES;
				CLANG_WARN_BOOL_CONVERSION = YES;
				CLANG_WARN_COMMA = YES;
				CLANG_WARN_CONSTANT_CONVERSION = YES;
				CLANG_WARN_DEPRECATED_OBJC_IMPLEMENTATIONS = YES;
				CLANG_WARN_DIRECT_OBJC_ISA_USAGE = YES_ERROR;
				CLANG_WARN_DOCUMENTATION_COMMENTS = YES;
				CLANG_WARN_EMPTY_BODY = YES;
				CLANG_WARN_ENUM_CONVERSION = YES;
				CLANG_WARN_INFINITE_RECURSION = YES;
				CLANG_WARN_INT_CONVERSION = YES;
				CLANG_WARN_NON_LITERAL_NULL_CONVERSION = YES;
				CLANG_WARN_OBJC_IMPLICIT_RETAIN_SELF = YES;
				CLANG_WARN_OBJC_LITERAL_CONVERSION = YES;
				CLANG_WARN_OBJC_ROOT_CLASS = YES_ERROR;
				CLANG_WARN_RANGE_LOOP_ANALYSIS = YES;
				CLANG_WARN_STRICT_PROTOTYPES = YES;
				CLANG_WARN_SUSPICIOUS_MOVE = YES;
				CLANG_WARN_UNGUARDED_AVAILABILITY = YES_AGGRESSIVE;
				CLANG_WARN_UNREACHABLE_CODE = YES;
				CLANG_WARN__DUPLICATE_METHOD_MATCH = YES;
				CODE_SIGN_IDENTITY = "iPhone Developer";
				COPY_PHASE_STRIP = NO;
				DEBUG_INFORMATION_FORMAT = "dwarf-with-dsym";
				ENABLE_NS_ASSERTIONS = NO;
				ENABLE_STRICT_OBJC_MSGSEND = YES;
				GCC_C_LANGUAGE_STANDARD = gnu11;
				GCC_NO_COMMON_BLOCKS = YES;
				GCC_WARN_64_TO_32_BIT_CONVERSION = YES;
				GCC_WARN_ABOUT_RETURN_TYPE = YES_ERROR;
				GCC_WARN_UNDECLARED_SELECTOR = YES;
				GCC_WARN_UNINITIALIZED_AUTOS = YES_AGGRESSIVE;
				GCC_WARN_UNUSED_FUNCTION = YES;
				GCC_WARN_UNUSED_VARIABLE = YES;
				IPHONEOS_DEPLOYMENT_TARGET = 11.3;
				MTL_ENABLE_DEBUG_INFO = NO;
				SDKROOT = iphoneos;
				SWIFT_COMPILATION_MODE = wholemodule;
				SWIFT_OPTIMIZATION_LEVEL = "-O";
				VALIDATE_PRODUCT = YES;
			};
			name = Release;
		};
		E0417828209758BF00C2B17B /* Debug */ = {
			isa = XCBuildConfiguration;
			baseConfigurationReference = EF02ABB91BE7C410D6CC6CFA /* Pods-FoodTracker.debug.xcconfig */;
			buildSettings = {
				ASSETCATALOG_COMPILER_APPICON_NAME = AppIcon;
				CODE_SIGN_STYLE = Automatic;
				DEVELOPMENT_TEAM = JNR8436L9N;
				INFOPLIST_FILE = "$(SRCROOT)/FoodTracker/Resources/Info.plist";
				LD_RUNPATH_SEARCH_PATHS = (
					"$(inherited)",
					"@executable_path/Frameworks",
				);
				PRODUCT_BUNDLE_IDENTIFIER = com.gentlehumsoft.FoodTracker;
				PRODUCT_NAME = "$(TARGET_NAME)";
				SWIFT_VERSION = 4.0;
				TARGETED_DEVICE_FAMILY = "1,2";
			};
			name = Debug;
		};
		E0417829209758BF00C2B17B /* Release */ = {
			isa = XCBuildConfiguration;
			baseConfigurationReference = 1278E5DDDF666149D7D84B06 /* Pods-FoodTracker.release.xcconfig */;
			buildSettings = {
				ASSETCATALOG_COMPILER_APPICON_NAME = AppIcon;
				CODE_SIGN_STYLE = Automatic;
				DEVELOPMENT_TEAM = JNR8436L9N;
				INFOPLIST_FILE = "$(SRCROOT)/FoodTracker/Resources/Info.plist";
				LD_RUNPATH_SEARCH_PATHS = (
					"$(inherited)",
					"@executable_path/Frameworks",
				);
				PRODUCT_BUNDLE_IDENTIFIER = com.gentlehumsoft.FoodTracker;
				PRODUCT_NAME = "$(TARGET_NAME)";
				SWIFT_VERSION = 4.0;
				TARGETED_DEVICE_FAMILY = "1,2";
			};
			name = Release;
		};
		E041782B209758BF00C2B17B /* Debug */ = {
			isa = XCBuildConfiguration;
			buildSettings = {
				ALWAYS_EMBED_SWIFT_STANDARD_LIBRARIES = YES;
				BUNDLE_LOADER = "$(TEST_HOST)";
				CODE_SIGN_STYLE = Automatic;
				DEVELOPMENT_TEAM = JNR8436L9N;
				INFOPLIST_FILE = FoodTrackerTests/Info.plist;
				LD_RUNPATH_SEARCH_PATHS = (
					"$(inherited)",
					"@executable_path/Frameworks",
					"@loader_path/Frameworks",
				);
				PRODUCT_BUNDLE_IDENTIFIER = com.gentlehumsoft.FoodTrackerTests;
				PRODUCT_NAME = "$(TARGET_NAME)";
				SWIFT_VERSION = 4.0;
				TARGETED_DEVICE_FAMILY = "1,2";
				TEST_HOST = "$(BUILT_PRODUCTS_DIR)/FoodTracker.app/FoodTracker";
			};
			name = Debug;
		};
		E041782C209758BF00C2B17B /* Release */ = {
			isa = XCBuildConfiguration;
			buildSettings = {
				ALWAYS_EMBED_SWIFT_STANDARD_LIBRARIES = YES;
				BUNDLE_LOADER = "$(TEST_HOST)";
				CODE_SIGN_STYLE = Automatic;
				DEVELOPMENT_TEAM = JNR8436L9N;
				INFOPLIST_FILE = FoodTrackerTests/Info.plist;
				LD_RUNPATH_SEARCH_PATHS = (
					"$(inherited)",
					"@executable_path/Frameworks",
					"@loader_path/Frameworks",
				);
				PRODUCT_BUNDLE_IDENTIFIER = com.gentlehumsoft.FoodTrackerTests;
				PRODUCT_NAME = "$(TARGET_NAME)";
				SWIFT_VERSION = 4.0;
				TARGETED_DEVICE_FAMILY = "1,2";
				TEST_HOST = "$(BUILT_PRODUCTS_DIR)/FoodTracker.app/FoodTracker";
			};
			name = Release;
		};
/* End XCBuildConfiguration section */

/* Begin XCConfigurationList section */
		E0417805209758BE00C2B17B /* Build configuration list for PBXProject "FoodTracker" */ = {
			isa = XCConfigurationList;
			buildConfigurations = (
				E0417825209758BF00C2B17B /* Debug */,
				E0417826209758BF00C2B17B /* Release */,
			);
			defaultConfigurationIsVisible = 0;
			defaultConfigurationName = Release;
		};
		E0417827209758BF00C2B17B /* Build configuration list for PBXNativeTarget "FoodTracker" */ = {
			isa = XCConfigurationList;
			buildConfigurations = (
				E0417828209758BF00C2B17B /* Debug */,
				E0417829209758BF00C2B17B /* Release */,
			);
			defaultConfigurationIsVisible = 0;
			defaultConfigurationName = Release;
		};
		E041782A209758BF00C2B17B /* Build configuration list for PBXNativeTarget "FoodTrackerTests" */ = {
			isa = XCConfigurationList;
			buildConfigurations = (
				E041782B209758BF00C2B17B /* Debug */,
				E041782C209758BF00C2B17B /* Release */,
			);
			defaultConfigurationIsVisible = 0;
			defaultConfigurationName = Release;
		};
/* End XCConfigurationList section */
	};
	rootObject = E0417802209758BE00C2B17B /* Project object */;
}
